hash: eaeabba8bbae20409e3bd8cbc6cdc9984d71924f913bb9321769e462965d1ceb
updated: 2017-08-02T04:44:55.422631329+08:00
imports:
- name: github.com/CloudyKit/fastprinter
  version: 74b38d55f37af5d6c05ca11147d616b613a3420e
- name: github.com/CloudyKit/jet
  version: 93b0e830ecf4c3f6102e1a69c6ea3bafa37aee7c
- name: github.com/fatih/structs
  version: a720dfa8df582c51dee1b36feabb906bde1588bd
testImports: []
